
Microsoft Visual Studio Solution File, Format Version 12.00
# Visual Studio Version 16
VisualStudioVersion = 16.0.31205.134
MinimumVisualStudioVersion = 10.0.40219.1
Project("{9A19103F-16F7-4668-BE54-9A1E7A4F7556}") = "01.SumSeconds", "01.SumSeconds\01.SumSeconds.csproj", "{A70EDA8B-390D-4DCF-8264-8D2C7755E565}"
EndProject
Project("{9A19103F-16F7-4668-BE54-9A1E7A4F7556}") = "02.BonusScore", "02.BonusScore\02.BonusScore.csproj", "{75893187-D181-4BFE-AFB7-54B84B114E9D}"
EndProject
Project("{9A19103F-16F7-4668-BE54-9A1E7A4F7556}") = "03.TimePlus15Minutes", "03.TimePlus15Minutes\03.TimePlus15Minutes.csproj", "{B559EAA0-9526-48FC-AD84-A961883AB688}"
EndProject
Project("{9A19103F-16F7-4668-BE54-9A1E7A4F7556}") = "04.ToyShop", "04.ToyShop\04.ToyShop.csproj", "{34179112-0874-4E64-9283-92803BBCEF93}"
EndProject
Project("{9A19103F-16F7-4668-BE54-9A1E7A4F7556}") = "06.WorldSwimmingRecord", "06.WorldSwimmingRecord\06.WorldSwimmingRecord.csproj", "{22648660-9F7F-43DE-82EA-3790032FADE9}"
EndProject
Project("{9A19103F-16F7-4668-BE54-9A1E7A4F7556}") = "08.LunchBreak", "08.LunchBreak\08.LunchBreak.csproj", "{623781A5-94DA-4BA9-883F-8C805D0F3AE2}"
EndProject
Project("{FAE04EC0-301F-11D3-BF4B-00C04F79EFBC}") = "05.GodzillaVersusKong", "05.GodzillaVersusKong\05.GodzillaVersusKong.csproj", "{DCB5B873-7403-436C-8C24-61A5B335A0E1}"
EndProject
Global
	GlobalSection(SolutionConfigurationPlatforms) = preSolution
		Debug|Any CPU = Debug|Any CPU
		Release|Any CPU = Release|Any CPU
	EndGlobalSection
	GlobalSection(ProjectConfigurationPlatforms) = postSolution
		{A70EDA8B-390D-4DCF-8264-8D2C7755E565}.Debug|Any CPU.ActiveCfg = Debug|Any CPU
		{A70EDA8B-390D-4DCF-8264-8D2C7755E565}.Debug|Any CPU.Build.0 = Debug|Any CPU
		{A70EDA8B-390D-4DCF-8264-8D2C7755E565}.Release|Any CPU.ActiveCfg = Release|Any CPU
		{A70EDA8B-390D-4DCF-8264-8D2C7755E565}.Release|Any CPU.Build.0 = Release|Any CPU
		{75893187-D181-4BFE-AFB7-54B84B114E9D}.Debug|Any CPU.ActiveCfg = Debug|Any CPU
		{75893187-D181-4BFE-AFB7-54B84B114E9D}.Debug|Any CPU.Build.0 = Debug|Any CPU
		{75893187-D181-4BFE-AFB7-54B84B114E9D}.Release|Any CPU.ActiveCfg = Release|Any CPU
		{75893187-D181-4BFE-AFB7-54B84B114E9D}.Release|Any CPU.Build.0 = Release|Any CPU
		{B559EAA0-9526-48FC-AD84-A961883AB688}.Debug|Any CPU.ActiveCfg = Debug|Any CPU
		{B559EAA0-9526-48FC-AD84-A961883AB688}.Debug|Any CPU.Build.0 = Debug|Any CPU
		{B559EAA0-9526-48FC-AD84-A961883AB688}.Release|Any CPU.ActiveCfg = Release|Any CPU
		{B559EAA0-9526-48FC-AD84-A961883AB688}.Release|Any CPU.Build.0 = Release|Any CPU
		{34179112-0874-4E64-9283-92803BBCEF93}.Debug|Any CPU.ActiveCfg = Debug|Any CPU
		{34179112-0874-4E64-9283-92803BBCEF93}.Debug|Any CPU.Build.0 = Debug|Any CPU
		{34179112-0874-4E64-9283-92803BBCEF93}.Release|Any CPU.ActiveCfg = Release|Any CPU
		{34179112-0874-4E64-9283-92803BBCEF93}.Release|Any CPU.Build.0 = Release|Any CPU
		{22648660-9F7F-43DE-82EA-3790032FADE9}.Debug|Any CPU.ActiveCfg = Debug|Any CPU
		{22648660-9F7F-43DE-82EA-3790032FADE9}.Debug|Any CPU.Build.0 = Debug|Any CPU
		{22648660-9F7F-43DE-82EA-3790032FADE9}.Release|Any CPU.ActiveCfg = Release|Any CPU
		{22648660-9F7F-43DE-82EA-3790032FADE9}.Release|Any CPU.Build.0 = Release|Any CPU
		{623781A5-94DA-4BA9-883F-8C805D0F3AE2}.Debug|Any CPU.ActiveCfg = Debug|Any CPU
		{623781A5-94DA-4BA9-883F-8C805D0F3AE2}.Debug|Any CPU.Build.0 = Debug|Any CPU
		{623781A5-94DA-4BA9-883F-8C805D0F3AE2}.Release|Any CPU.ActiveCfg = Release|Any CPU
		{623781A5-94DA-4BA9-883F-8C805D0F3AE2}.Release|Any CPU.Build.0 = Release|Any CPU
		{DCB5B873-7403-436C-8C24-61A5B335A0E1}.Debug|Any CPU.ActiveCfg = Debug|Any CPU
		{DCB5B873-7403-436C-8C24-61A5B335A0E1}.Debug|Any CPU.Build.0 = Debug|Any CPU
		{DCB5B873-7403-436C-8C24-61A5B335A0E1}.Release|Any CPU.ActiveCfg = Release|Any CPU
		{DCB5B873-7403-436C-8C24-61A5B335A0E1}.Release|Any CPU.Build.0 = Release|Any CPU
	EndGlobalSection
	GlobalSection(SolutionProperties) = preSolution
		HideSolutionNode = FALSE
	EndGlobalSection
	GlobalSection(ExtensibilityGlobals) = postSolution
		SolutionGuid = {4EEF33D4-D0E8-4A57-9CF7-13E034BDD72E}
	EndGlobalSection
EndGlobal
